// !$*UTF8*$!
{
	archiveVersion = 1;
	classes = {
	};
	objectVersion = 56;
	objects = {

/* Begin PBXBuildFile section */
		BD1E4B1A2B9757CA00CBB709 /* TCA_Practice_1App.swift in Sources */ = {isa = PBXBuildFile; fileRef = BD1E4B192B9757CA00CBB709 /* TCA_Practice_1App.swift */; };
		BD1E4B1C2B9757CA00CBB709 /* ContentView.swift in Sources */ = {isa = PBXBuildFile; fileRef = BD1E4B1B2B9757CA00CBB709 /* ContentView.swift */; };
		BD1E4B1E2B9757CD00CBB709 /* Assets.xcassets in Resources */ = {isa = PBXBuildFile; fileRef = BD1E4B1D2B9757CD00CBB709 /* Assets.xcassets */; };
		BD1E4B212B9757CD00CBB709 /* Preview Assets.xcassets in Resources */ = {isa = PBXBuildFile; fileRef = BD1E4B202B9757CD00CBB709 /* Preview Assets.xcassets */; };
		BD1E4B2B2B97594200CBB709 /* CounterView.swift in Sources */ = {isa = PBXBuildFile; fileRef = BD1E4B2A2B97594200CBB709 /* CounterView.swift */; };
		BD98F9B42B9809180065A5A1 /* TwoCounters.swift in Sources */ = {isa = PBXBuildFile; fileRef = BD98F9B32B9809180065A5A1 /* TwoCounters.swift */; };
		BD98F9B62B98122A0065A5A1 /* BindingBasic.swift in Sources */ = {isa = PBXBuildFile; fileRef = BD98F9B52B98122A0065A5A1 /* BindingBasic.swift */; };
		BDAA260C2B9835790024A4DF /* AboutView.swift in Sources */ = {isa = PBXBuildFile; fileRef = BDAA260B2B9835790024A4DF /* AboutView.swift */; };
		BDE58A6A2BB68FD700A01DC6 /* OptionalState.swift in Sources */ = {isa = PBXBuildFile; fileRef = BDE58A692BB68FD700A01DC6 /* OptionalState.swift */; };
		BDE58A6C2BB696FF00A01DC6 /* TemplateText.swift in Sources */ = {isa = PBXBuildFile; fileRef = BDE58A6B2BB696FF00A01DC6 /* TemplateText.swift */; };
		BDEA789C2BB5B3D300D7D6BD /* BindingForm.swift in Sources */ = {isa = PBXBuildFile; fileRef = BDEA789B2BB5B3D300D7D6BD /* BindingForm.swift */; };
		BDEA789E2BB5BAE700D7D6BD /* resignFirstResponder.swift in Sources */ = {isa = PBXBuildFile; fileRef = BDEA789D2BB5BAE700D7D6BD /* resignFirstResponder.swift */; };
		BDF7A7D82B975BFB0067823D /* ComposableArchitecture in Frameworks */ = {isa = PBXBuildFile; productRef = BDF7A7D72B975BFB0067823D /* ComposableArchitecture */; };
/* End PBXBuildFile section */

/* Begin PBXFileReference section */
		BD1E4B162B9757CA00CBB709 /* TCA-Practice-1.app */ = {isa = PBXFileReference; explicitFileType = wrapper.application; includeInIndex = 0; path = "TCA-Practice-1.app"; sourceTree = BUILT_PRODUCTS_DIR; };
		BD1E4B192B9757CA00CBB709 /* TCA_Practice_1App.swift */ = {isa = PBXFileReference; lastKnownFileType = sourcecode.swift; path = TCA_Practice_1App.swift; sourceTree = "<group>"; };
		BD1E4B1B2B9757CA00CBB709 /* ContentView.swift */ = {isa = PBXFileReference; lastKnownFileType = sourcecode.swift; path = ContentView.swift; sourceTree = "<group>"; };
		BD1E4B1D2B9757CD00CBB709 /* Assets.xcassets */ = {isa = PBXFileReference; lastKnownFileType = folder.assetcatalog; path = Assets.xcassets; sourceTree = "<group>"; };
		BD1E4B202B9757CD00CBB709 /* Preview Assets.xcassets */ = {isa = PBXFileReference; lastKnownFileType = folder.assetcatalog; path = "Preview Assets.xcassets"; sourceTree = "<group>"; };
		BD1E4B2A2B97594200CBB709 /* CounterView.swift */ = {isa = PBXFileReference; lastKnownFileType = sourcecode.swift; path = CounterView.swift; sourceTree = "<group>"; };
		BD98F9B32B9809180065A5A1 /* TwoCounters.swift */ = {isa = PBXFileReference; lastKnownFileType = sourcecode.swift; path = TwoCounters.swift; sourceTree = "<group>"; };
		BD98F9B52B98122A0065A5A1 /* BindingBasic.swift */ = {isa = PBXFileReference; lastKnownFileType = sourcecode.swift; path = BindingBasic.swift; sourceTree = "<group>"; };
		BDAA260B2B9835790024A4DF /* AboutView.swift */ = {isa = PBXFileReference; lastKnownFileType = sourcecode.swift; path = AboutView.swift; sourceTree = "<group>"; };
		BDE58A692BB68FD700A01DC6 /* OptionalState.swift */ = {isa = PBXFileReference; lastKnownFileType = sourcecode.swift; path = OptionalState.swift; sourceTree = "<group>"; };
		BDE58A6B2BB696FF00A01DC6 /* TemplateText.swift */ = {isa = PBXFileReference; lastKnownFileType = sourcecode.swift; path = TemplateText.swift; sourceTree = "<group>"; };
		BDEA789B2BB5B3D300D7D6BD /* BindingForm.swift */ = {isa = PBXFileReference; lastKnownFileType = sourcecode.swift; path = BindingForm.swift; sourceTree = "<group>"; };
		BDEA789D2BB5BAE700D7D6BD /* resignFirstResponder.swift */ = {isa = PBXFileReference; lastKnownFileType = sourcecode.swift; path = resignFirstResponder.swift; sourceTree = "<group>"; };
/* End PBXFileReference section */

/* Begin PBXFrameworksBuildPhase section */
		BD1E4B132B9757CA00CBB709 /* Frameworks */ = {
			isa = PBXFrameworksBuildPhase;
			buildActionMask = 2147483647;
			files = (
				BDF7A7D82B975BFB0067823D /* ComposableArchitecture in Frameworks */,
			);
			runOnlyForDeploymentPostprocessing = 0;
		};
/* End PBXFrameworksBuildPhase section */

/* Begin PBXGroup section */
		BD1E4B0D2B9757CA00CBB709 = {
			isa = PBXGroup;
			children = (
				BD1E4B182B9757CA00CBB709 /* TCA-Practice-1 */,
				BD1E4B172B9757CA00CBB709 /* Products */,
			);
			sourceTree = "<group>";
		};
		BD1E4B172B9757CA00CBB709 /* Products */ = {
			isa = PBXGroup;
			children = (
				BD1E4B162B9757CA00CBB709 /* TCA-Practice-1.app */,
			);
			name = Products;
			sourceTree = "<group>";
		};
		BD1E4B182B9757CA00CBB709 /* TCA-Practice-1 */ = {
			isa = PBXGroup;
			children = (
				BD1E4B192B9757CA00CBB709 /* TCA_Practice_1App.swift */,
				BDF7A7DB2B97709E0067823D /* 01 */,
				BD1E4B1B2B9757CA00CBB709 /* ContentView.swift */,
				BDAA260A2B98355F0024A4DF /* Internal */,
				BD1E4B1D2B9757CD00CBB709 /* Assets.xcassets */,
				BD1E4B1F2B9757CD00CBB709 /* Preview Content */,
			);
			path = "TCA-Practice-1";
			sourceTree = "<group>";
		};
		BD1E4B1F2B9757CD00CBB709 /* Preview Content */ = {
			isa = PBXGroup;
			children = (
				BD1E4B202B9757CD00CBB709 /* Preview Assets.xcassets */,
			);
			path = "Preview Content";
			sourceTree = "<group>";
		};
		BDAA260A2B98355F0024A4DF /* Internal */ = {
			isa = PBXGroup;
			children = (
				BDAA260B2B9835790024A4DF /* AboutView.swift */,
				BDEA789D2BB5BAE700D7D6BD /* resignFirstResponder.swift */,
				BDE58A6B2BB696FF00A01DC6 /* TemplateText.swift */,
			);
			path = Internal;
			sourceTree = "<group>";
		};
		BDF7A7DB2B97709E0067823D /* 01 */ = {
			isa = PBXGroup;
			children = (
				BD1E4B2A2B97594200CBB709 /* CounterView.swift */,
				BD98F9B32B9809180065A5A1 /* TwoCounters.swift */,
				BD98F9B52B98122A0065A5A1 /* BindingBasic.swift */,
				BDEA789B2BB5B3D300D7D6BD /* BindingForm.swift */,
				BDE58A692BB68FD700A01DC6 /* OptionalState.swift */,
			);
			path = 01;
			sourceTree = "<group>";
		};
/* End PBXGroup section */

/* Begin PBXNativeTarget section */
		BD1E4B152B9757CA00CBB709 /* TCA-Practice-1 */ = {
			isa = PBXNativeTarget;
			buildConfigurationList = BD1E4B242B9757CD00CBB709 /* Build configuration list for PBXNativeTarget "TCA-Practice-1" */;
			buildPhases = (
				BD1E4B122B9757CA00CBB709 /* Sources */,
				BD1E4B132B9757CA00CBB709 /* Frameworks */,
				BD1E4B142B9757CA00CBB709 /* Resources */,
			);
			buildRules = (
			);
			dependencies = (
				BDF7A7DA2B9760D20067823D /* PBXTargetDependency */,
			);
			name = "TCA-Practice-1";
			packageProductDependencies = (
				BDF7A7D72B975BFB0067823D /* ComposableArchitecture */,
			);
			productName = "TCA-Practice-1";
			productReference = BD1E4B162B9757CA00CBB709 /* TCA-Practice-1.app */;
			productType = "com.apple.product-type.application";
		};
/* End PBXNativeTarget section */

/* Begin PBXProject section */
		BD1E4B0E2B9757CA00CBB709 /* Project object */ = {
			isa = PBXProject;
			attributes = {
				BuildIndependentTargetsInParallel = 1;
				LastSwiftUpdateCheck = 1520;
				LastUpgradeCheck = 1520;
				TargetAttributes = {
					BD1E4B152B9757CA00CBB709 = {
						CreatedOnToolsVersion = 15.2;
					};
				};
			};
			buildConfigurationList = BD1E4B112B9757CA00CBB709 /* Build configuration list for PBXProject "TCA-Practice-1" */;
			compatibilityVersion = "Xcode 14.0";
			developmentRegion = en;
			hasScannedForEncodings = 0;
			knownRegions = (
				en,
				Base,
			);
			mainGroup = BD1E4B0D2B9757CA00CBB709;
			packageReferences = (
				BDF7A7D62B975BFB0067823D /* XCRemoteSwiftPackageReference "swift-composable-architecture" */,
			);
			productRefGroup = BD1E4B172B9757CA00CBB709 /* Products */;
			projectDirPath = "";
			projectRoot = "";
			targets = (
				BD1E4B152B9757CA00CBB709 /* TCA-Practice-1 */,
			);
		};
/* End PBXProject section */

/* Begin PBXResourcesBuildPhase section */
		BD1E4B142B9757CA00CBB709 /* Resources */ = {
			isa = PBXResourcesBuildPhase;
			buildActionMask = 2147483647;
			files = (
				BD1E4B212B9757CD00CBB709 /* Preview Assets.xcassets in Resources */,
				BD1E4B1E2B9757CD00CBB709 /* Assets.xcassets in Resources */,
			);
			runOnlyForDeploymentPostprocessing = 0;
		};
/* End PBXResourcesBuildPhase section */

/* Begin PBXSourcesBuildPhase section */
		BD1E4B122B9757CA00CBB709 /* Sources */ = {
			isa = PBXSourcesBuildPhase;
			buildActionMask = 2147483647;
			files = (
				BDEA789C2BB5B3D300D7D6BD /* BindingForm.swift in Sources */,
				BD98F9B62B98122A0065A5A1 /* BindingBasic.swift in Sources */,
				BDE58A6C2BB696FF00A01DC6 /* TemplateText.swift in Sources */,
				BDE58A6A2BB68FD700A01DC6 /* OptionalState.swift in Sources */,
				BD1E4B1C2B9757CA00CBB709 /* ContentView.swift in Sources */,
				BD98F9B42B9809180065A5A1 /* TwoCounters.swift in Sources */,
				BD1E4B1A2B9757CA00CBB709 /* TCA_Practice_1App.swift in Sources */,
				BDAA260C2B9835790024A4DF /* AboutView.swift in Sources */,
				BD1E4B2B2B97594200CBB709 /* CounterView.swift in Sources */,
				BDEA789E2BB5BAE700D7D6BD /* resignFirstResponder.swift in Sources */,
			);
			runOnlyForDeploymentPostprocessing = 0;
		};
/* End PBXSourcesBuildPhase section */

/* Begin PBXTargetDependency section */
		BDF7A7DA2B9760D20067823D /* PBXTargetDependency */ = {
			isa = PBXTargetDependency;
			productRef = BDF7A7D92B9760D20067823D /* ComposableArchitecture */;
		};
/* End PBXTargetDependency section */

/* Begin XCBuildConfiguration section */
		BD1E4B222B9757CD00CBB709 /* Debug */ = {
			isa = XCBuildConfiguration;
			buildSettings = {
				ALWAYS_SEARCH_USER_PATHS = NO;
				ASSETCATALOG_COMPILER_GENERATE_SWIFT_ASSET_SYMBOL_EXTENSIONS = YES;
				CLANG_ANALYZER_NONNULL = YES;
				CLANG_ANALYZER_NUMBER_OBJECT_CONVERSION = YES_AGGRESSIVE;
				CLANG_CXX_LANGUAGE_STANDARD = "gnu++20";
				CLANG_ENABLE_MODULES = YES;
				CLANG_ENABLE_OBJC_ARC = YES;
				CLANG_ENABLE_OBJC_WEAK = YES;
				CLANG_WARN_BLOCK_CAPTURE_AUTORELEASING = YES;
				CLANG_WARN_BOOL_CONVERSION = YES;
				CLANG_WARN_COMMA = YES;
				CLANG_WARN_CONSTANT_CONVERSION = YES;
				CLANG_WARN_DEPRECATED_OBJC_IMPLEMENTATIONS = YES;
				CLANG_WARN_DIRECT_OBJC_ISA_USAGE = YES_ERROR;
				CLANG_WARN_DOCUMENTATION_COMMENTS = YES;
				CLANG_WARN_EMPTY_BODY = YES;
				CLANG_WARN_ENUM_CONVERSION = YES;
				CLANG_WARN_INFINITE_RECURSION = YES;
				CLANG_WARN_INT_CONVERSION = YES;
				CLANG_WARN_NON_LITERAL_NULL_CONVERSION = YES;
				CLANG_WARN_OBJC_IMPLICIT_RETAIN_SELF = YES;
				CLANG_WARN_OBJC_LITERAL_CONVERSION = YES;
				CLANG_WARN_OBJC_ROOT_CLASS = YES_ERROR;
				CLANG_WARN_QUOTED_INCLUDE_IN_FRAMEWORK_HEADER = YES;
				CLANG_WARN_RANGE_LOOP_ANALYSIS = YES;
				CLANG_WARN_STRICT_PROTOTYPES = YES;
				CLANG_WARN_SUSPICIOUS_MOVE = YES;
				CLANG_WARN_UNGUARDED_AVAILABILITY = YES_AGGRESSIVE;
				CLANG_WARN_UNREACHABLE_CODE = YES;
				CLANG_WARN__DUPLICATE_METHOD_MATCH = YES;
				COPY_PHASE_STRIP = NO;
				DEBUG_INFORMATION_FORMAT = dwarf;
				ENABLE_STRICT_OBJC_MSGSEND = YES;
				ENABLE_TESTABILITY = YES;
				ENABLE_USER_SCRIPT_SANDBOXING = YES;
				GCC_C_LANGUAGE_STANDARD = gnu17;
				GCC_DYNAMIC_NO_PIC = NO;
				GCC_NO_COMMON_BLOCKS = YES;
				GCC_OPTIMIZATION_LEVEL = 0;
				GCC_PREPROCESSOR_DEFINITIONS = (
					"DEBUG=1",
					"$(inherited)",
				);
				GCC_WARN_64_TO_32_BIT_CONVERSION = YES;
				GCC_WARN_ABOUT_RETURN_TYPE = YES_ERROR;
				GCC_WARN_UNDECLARED_SELECTOR = YES;
				GCC_WARN_UNINITIALIZED_AUTOS = YES_AGGRESSIVE;
				GCC_WARN_UNUSED_FUNCTION = YES;
				GCC_WARN_UNUSED_VARIABLE = YES;
				IPHONEOS_DEPLOYMENT_TARGET = 17.2;
				LOCALIZATION_PREFERS_STRING_CATALOGS = YES;
				MTL_ENABLE_DEBUG_INFO = INCLUDE_SOURCE;
				MTL_FAST_MATH = YES;
				ONLY_ACTIVE_ARCH = YES;
				SDKROOT = iphoneos;
				SWIFT_ACTIVE_COMPILATION_CONDITIONS = "DEBUG $(inherited)";
				SWIFT_OPTIMIZATION_LEVEL = "-Onone";
			};
			name = Debug;
		};
		BD1E4B232B9757CD00CBB709 /* Release */ = {
			isa = XCBuildConfiguration;
			buildSettings = {
				ALWAYS_SEARCH_USER_PATHS = NO;
				ASSETCATALOG_COMPILER_GENERATE_SWIFT_ASSET_SYMBOL_EXTENSIONS = YES;
				CLANG_ANALYZER_NONNULL = YES;
				CLANG_ANALYZER_NUMBER_OBJECT_CONVERSION = YES_AGGRESSIVE;
				CLANG_CXX_LANGUAGE_STANDARD = "gnu++20";
				CLANG_ENABLE_MODULES = YES;
				CLANG_ENABLE_OBJC_ARC = YES;
				CLANG_ENABLE_OBJC_WEAK = YES;
				CLANG_WARN_BLOCK_CAPTURE_AUTORELEASING = YES;
				CLANG_WARN_BOOL_CONVERSION = YES;
				CLANG_WARN_COMMA = YES;
				CLANG_WARN_CONSTANT_CONVERSION = YES;
				CLANG_WARN_DEPRECATED_OBJC_IMPLEMENTATIONS = YES;
				CLANG_WARN_DIRECT_OBJC_ISA_USAGE = YES_ERROR;
				CLANG_WARN_DOCUMENTATION_COMMENTS = YES;
				CLANG_WARN_EMPTY_BODY = YES;
				CLANG_WARN_ENUM_CONVERSION = YES;
				CLANG_WARN_INFINITE_RECURSION = YES;
				CLANG_WARN_INT_CONVERSION = YES;
				CLANG_WARN_NON_LITERAL_NULL_CONVERSION = YES;
				CLANG_WARN_OBJC_IMPLICIT_RETAIN_SELF = YES;
				CLANG_WARN_OBJC_LITERAL_CONVERSION = YES;
				CLANG_WARN_OBJC_ROOT_CLASS = YES_ERROR;
				CLANG_WARN_QUOTED_INCLUDE_IN_FRAMEWORK_HEADER = YES;
				CLANG_WARN_RANGE_LOOP_ANALYSIS = YES;
				CLANG_WARN_STRICT_PROTOTYPES = YES;
				CLANG_WARN_SUSPICIOUS_MOVE = YES;
				CLANG_WARN_UNGUARDED_AVAILABILITY = YES_AGGRESSIVE;
				CLANG_WARN_UNREACHABLE_CODE = YES;
				CLANG_WARN__DUPLICATE_METHOD_MATCH = YES;
				COPY_PHASE_STRIP = NO;
				DEBUG_INFORMATION_FORMAT = "dwarf-with-dsym";
				ENABLE_NS_ASSERTIONS = NO;
				ENABLE_STRICT_OBJC_MSGSEND = YES;
				ENABLE_USER_SCRIPT_SANDBOXING = YES;
				GCC_C_LANGUAGE_STANDARD = gnu17;
				GCC_NO_COMMON_BLOCKS = YES;
				GCC_WARN_64_TO_32_BIT_CONVERSION = YES;
				GCC_WARN_ABOUT_RETURN_TYPE = YES_ERROR;
				GCC_WARN_UNDECLARED_SELECTOR = YES;
				GCC_WARN_UNINITIALIZED_AUTOS = YES_AGGRESSIVE;
				GCC_WARN_UNUSED_FUNCTION = YES;
				GCC_WARN_UNUSED_VARIABLE = YES;
				IPHONEOS_DEPLOYMENT_TARGET = 17.2;
				LOCALIZATION_PREFERS_STRING_CATALOGS = YES;
				MTL_ENABLE_DEBUG_INFO = NO;
				MTL_FAST_MATH = YES;
				SDKROOT = iphoneos;
				SWIFT_COMPILATION_MODE = wholemodule;
				VALIDATE_PRODUCT = YES;
			};
			name = Release;
		};
		BD1E4B252B9757CD00CBB709 /* Debug */ = {
			isa = XCBuildConfiguration;
			buildSettings = {
				ASSETCATALOG_COMPILER_APPICON_NAME = AppIcon;
				ASSETCATALOG_COMPILER_GLOBAL_ACCENT_COLOR_NAME = AccentColor;
				CODE_SIGN_STYLE = Automatic;
				CURRENT_PROJECT_VERSION = 1;
				DEVELOPMENT_ASSET_PATHS = "\"TCA-Practice-1/Preview Content\"";
				DEVELOPMENT_TEAM = 7DVWGZFH6N;
				ENABLE_PREVIEWS = YES;
				GENERATE_INFOPLIST_FILE = YES;
				INFOPLIST_KEY_UIApplicationSceneManifest_Generation = YES;
				INFOPLIST_KEY_UIApplicationSupportsIndirectInputEvents = YES;
				INFOPLIST_KEY_UILaunchScreen_Generation = YES;
				INFOPLIST_KEY_UISupportedInterfaceOrientations_iPad = "UIInterfaceOrientationPortrait UIInterfaceOrientationPortraitUpsideDown UIInterfaceOrientationLandscapeLeft UIInterfaceOrientationLandscapeRight";
				INFOPLIST_KEY_UISupportedInterfaceOrientations_iPhone = "UIInterfaceOrientationPortrait UIInterfaceOrientationLandscapeLeft UIInterfaceOrientationLandscapeRight";
				IPHONEOS_DEPLOYMENT_TARGET = 17.2;
				LD_RUNPATH_SEARCH_PATHS = (
					"$(inherited)",
					"@executable_path/Frameworks",
				);
				MARKETING_VERSION = 1.0;
				PRODUCT_BUNDLE_IDENTIFIER = "com.emptyhead.TCA-Practice-1";
				PRODUCT_NAME = "$(TARGET_NAME)";
				SWIFT_EMIT_LOC_STRINGS = YES;
				SWIFT_VERSION = 5.0;
				TARGETED_DEVICE_FAMILY = "1,2";
			};
			name = Debug;
		};
		BD1E4B262B9757CD00CBB709 /* Release */ = {
			isa = XCBuildConfiguration;
			buildSettings = {
				ASSETCATALOG_COMPILER_APPICON_NAME = AppIcon;
				ASSETCATALOG_COMPILER_GLOBAL_ACCENT_COLOR_NAME = AccentColor;
				CODE_SIGN_STYLE = Automatic;
				CURRENT_PROJECT_VERSION = 1;
				DEVELOPMENT_ASSET_PATHS = "\"TCA-Practice-1/Preview Content\"";
				DEVELOPMENT_TEAM = 7DVWGZFH6N;
				ENABLE_PREVIEWS = YES;
				GENERATE_INFOPLIST_FILE = YES;
				INFOPLIST_KEY_UIApplicationSceneManifest_Generation = YES;
				INFOPLIST_KEY_UIApplicationSupportsIndirectInputEvents = YES;
				INFOPLIST_KEY_UILaunchScreen_Generation = YES;
				INFOPLIST_KEY_UISupportedInterfaceOrientations_iPad = "UIInterfaceOrientationPortrait UIInterfaceOrientationPortraitUpsideDown UIInterfaceOrientationLandscapeLeft UIInterfaceOrientationLandscapeRight";
				INFOPLIST_KEY_UISupportedInterfaceOrientations_iPhone = "UIInterfaceOrientationPortrait UIInterfaceOrientationLandscapeLeft UIInterfaceOrientationLandscapeRight";
				IPHONEOS_DEPLOYMENT_TARGET = 17.2;
				LD_RUNPATH_SEARCH_PATHS = (
					"$(inherited)",
					"@executable_path/Frameworks",
				);
				MARKETING_VERSION = 1.0;
				PRODUCT_BUNDLE_IDENTIFIER = "com.emptyhead.TCA-Practice-1";
				PRODUCT_NAME = "$(TARGET_NAME)";
				SWIFT_EMIT_LOC_STRINGS = YES;
				SWIFT_VERSION = 5.0;
				TARGETED_DEVICE_FAMILY = "1,2";
			};
			name = Release;
		};
/* End XCBuildConfiguration section */

/* Begin XCConfigurationList section */
		BD1E4B112B9757CA00CBB709 /* Build configuration list for PBXProject "TCA-Practice-1" */ = {
			isa = XCConfigurationList;
			buildConfigurations = (
				BD1E4B222B9757CD00CBB709 /* Debug */,
				BD1E4B232B9757CD00CBB709 /* Release */,
			);
			defaultConfigurationIsVisible = 0;
			defaultConfigurationName = Release;
		};
		BD1E4B242B9757CD00CBB709 /* Build configuration list for PBXNativeTarget "TCA-Practice-1" */ = {
			isa = XCConfigurationList;
			buildConfigurations = (
				BD1E4B252B9757CD00CBB709 /* Debug */,
				BD1E4B262B9757CD00CBB709 /* Release */,
			);
			defaultConfigurationIsVisible = 0;
			defaultConfigurationName = Release;
		};
/* End XCConfigurationList section */

/* Begin XCRemoteSwiftPackageReference section */
		BDF7A7D62B975BFB0067823D /* XCRemoteSwiftPackageReference "swift-composable-architecture" */ = {
			isa = XCRemoteSwiftPackageReference;
			repositoryURL = "https://github.com/pointfreeco/swift-composable-architecture";
			requirement = {
				kind = upToNextMajorVersion;
				minimumVersion = 1.9.2;
			};
		};
/* End XCRemoteSwiftPackageReference section */

/* Begin XCSwiftPackageProductDependency section */
		BDF7A7D72B975BFB0067823D /* ComposableArchitecture */ = {
			isa = XCSwiftPackageProductDependency;
			package = BDF7A7D62B975BFB0067823D /* XCRemoteSwiftPackageReference "swift-composable-architecture" */;
			productName = ComposableArchitecture;
		};
		BDF7A7D92B9760D20067823D /* ComposableArchitecture */ = {
			isa = XCSwiftPackageProductDependency;
			package = BDF7A7D62B975BFB0067823D /* XCRemoteSwiftPackageReference "swift-composable-architecture" */;
			productName = ComposableArchitecture;
		};
/* End XCSwiftPackageProductDependency section */
	};
	rootObject = BD1E4B0E2B9757CA00CBB709 /* Project object */;
}
